// !$*UTF8*$!
{
	archiveVersion = 1;
	classes = {
	};
	objectVersion = 50;
	objects = {

/* Begin PBXBuildFile section */
		07857EA26DDCBA22D87500BB /* libPods-TodoLiost-TodoLiostUITests.a in Frameworks */ = {isa = PBXBuildFile; fileRef = EBC184DBB9A6E0CD207BFA06 /* libPods-TodoLiost-TodoLiostUITests.a */; };
		1F14B38D2951D76DC5634A56 /* libPods-TodoLiost.a in Frameworks */ = {isa = PBXBuildFile; fileRef = CE6A5A4A2F32949A50A29B16 /* libPods-TodoLiost.a */; };
		7A71B708FF784B1BB68FD4FA /* libPods-TodoLiostTests.a in Frameworks */ = {isa = PBXBuildFile; fileRef = 514FF107E7F865316538D2B0 /* libPods-TodoLiostTests.a */; };
		981A3823271C7E89007739C6 /* AppDelegate.swift in Sources */ = {isa = PBXBuildFile; fileRef = 981A3822271C7E89007739C6 /* AppDelegate.swift */; };
		981A3825271C7E89007739C6 /* SceneDelegate.swift in Sources */ = {isa = PBXBuildFile; fileRef = 981A3824271C7E89007739C6 /* SceneDelegate.swift */; };
		981A3827271C7E89007739C6 /* MainViewController.swift in Sources */ = {isa = PBXBuildFile; fileRef = 981A3826271C7E89007739C6 /* MainViewController.swift */; };
		981A382A271C7E89007739C6 /* Main.storyboard in Resources */ = {isa = PBXBuildFile; fileRef = 981A3828271C7E89007739C6 /* Main.storyboard */; };
		981A382C271C7E8C007739C6 /* Assets.xcassets in Resources */ = {isa = PBXBuildFile; fileRef = 981A382B271C7E8C007739C6 /* Assets.xcassets */; };
		981A382F271C7E8C007739C6 /* LaunchScreen.storyboard in Resources */ = {isa = PBXBuildFile; fileRef = 981A382D271C7E8C007739C6 /* LaunchScreen.storyboard */; };
		981A383A271C7E8C007739C6 /* TodoLiostTests.swift in Sources */ = {isa = PBXBuildFile; fileRef = 981A3839271C7E8C007739C6 /* TodoLiostTests.swift */; };
		981A3845271C7E8C007739C6 /* TodoLiostUITests.swift in Sources */ = {isa = PBXBuildFile; fileRef = 981A3844271C7E8C007739C6 /* TodoLiostUITests.swift */; };
		981A3853271C82B9007739C6 /* TodoItem.swift in Sources */ = {isa = PBXBuildFile; fileRef = 981A3852271C82B9007739C6 /* TodoItem.swift */; };
		981A3855271C82DD007739C6 /* FileCache.swift in Sources */ = {isa = PBXBuildFile; fileRef = 981A3854271C82DD007739C6 /* FileCache.swift */; };
		981A3857271C831D007739C6 /* TodoListTests.swift in Sources */ = {isa = PBXBuildFile; fileRef = 981A3856271C831D007739C6 /* TodoListTests.swift */; };
		982B9CD7272D214B005CB6B9 /* TodoItemDetailView.swift in Sources */ = {isa = PBXBuildFile; fileRef = 982B9CD6272D214B005CB6B9 /* TodoItemDetailView.swift */; };
		9836360A272EAFD7007B141A /* ColorPicker.swift in Sources */ = {isa = PBXBuildFile; fileRef = 98363609272EAFD7007B141A /* ColorPicker.swift */; };
		98B3890B273DA805001AD82D /* TodoItemCell.swift in Sources */ = {isa = PBXBuildFile; fileRef = 98B3890A273DA805001AD82D /* TodoItemCell.swift */; };
		98B3890D273DA837001AD82D /* StringExtensions.swift in Sources */ = {isa = PBXBuildFile; fileRef = 98B3890C273DA837001AD82D /* StringExtensions.swift */; };
		98B38910273DA885001AD82D /* DateExtension.swift in Sources */ = {isa = PBXBuildFile; fileRef = 98B3890F273DA885001AD82D /* DateExtension.swift */; };
		98B38912273DA8B4001AD82D /* ColorExtensions.swift in Sources */ = {isa = PBXBuildFile; fileRef = 98B38911273DA8B4001AD82D /* ColorExtensions.swift */; };
		98B38914273DA8F4001AD82D /* SquaresViewController.swift in Sources */ = {isa = PBXBuildFile; fileRef = 98B38913273DA8F4001AD82D /* SquaresViewController.swift */; };
/* End PBXBuildFile section */

/* Begin PBXContainerItemProxy section */
		981A3836271C7E8C007739C6 /* PBXContainerItemProxy */ = {
			isa = PBXContainerItemProxy;
			containerPortal = 981A3817271C7E89007739C6 /* Project object */;
			proxyType = 1;
			remoteGlobalIDString = 981A381E271C7E89007739C6;
			remoteInfo = TodoLiost;
		};
		981A3841271C7E8C007739C6 /* PBXContainerItemProxy */ = {
			isa = PBXContainerItemProxy;
			containerPortal = 981A3817271C7E89007739C6 /* Project object */;
			proxyType = 1;
			remoteGlobalIDString = 981A381E271C7E89007739C6;
			remoteInfo = TodoLiost;
		};
/* End PBXContainerItemProxy section */

/* Begin PBXFileReference section */
		4201924FF6D23D5CC0D49461 /* Pods-TodoLiost.release.xcconfig */ = {isa = PBXFileReference; includeInIndex = 1; lastKnownFileType = text.xcconfig; name = "Pods-TodoLiost.release.xcconfig"; path = "Target Support Files/Pods-TodoLiost/Pods-TodoLiost.release.xcconfig"; sourceTree = "<group>"; };
		43253673FE88AAEDF186D924 /* Pods-TodoLiostTests.debug.xcconfig */ = {isa = PBXFileReference; includeInIndex = 1; lastKnownFileType = text.xcconfig; name = "Pods-TodoLiostTests.debug.xcconfig"; path = "Target Support Files/Pods-TodoLiostTests/Pods-TodoLiostTests.debug.xcconfig"; sourceTree = "<group>"; };
		514FF107E7F865316538D2B0 /* libPods-TodoLiostTests.a */ = {isa = PBXFileReference; explicitFileType = archive.ar; includeInIndex = 0; path = "libPods-TodoLiostTests.a"; sourceTree = BUILT_PRODUCTS_DIR; };
		5DF46C765176316A44D4D402 /* Pods-TodoLiostTests.release.xcconfig */ = {isa = PBXFileReference; includeInIndex = 1; lastKnownFileType = text.xcconfig; name = "Pods-TodoLiostTests.release.xcconfig"; path = "Target Support Files/Pods-TodoLiostTests/Pods-TodoLiostTests.release.xcconfig"; sourceTree = "<group>"; };
		826C1B0385B5B240FA81FA77 /* Pods-TodoLiost-TodoLiostUITests.testflight.xcconfig */ = {isa = PBXFileReference; includeInIndex = 1; lastKnownFileType = text.xcconfig; name = "Pods-TodoLiost-TodoLiostUITests.testflight.xcconfig"; path = "Target Support Files/Pods-TodoLiost-TodoLiostUITests/Pods-TodoLiost-TodoLiostUITests.testflight.xcconfig"; sourceTree = "<group>"; };
		981A381F271C7E89007739C6 /* TodoLiost.app */ = {isa = PBXFileReference; explicitFileType = wrapper.application; includeInIndex = 0; path = TodoLiost.app; sourceTree = BUILT_PRODUCTS_DIR; };
		981A3822271C7E89007739C6 /* AppDelegate.swift */ = {isa = PBXFileReference; lastKnownFileType = sourcecode.swift; path = AppDelegate.swift; sourceTree = "<group>"; };
		981A3824271C7E89007739C6 /* SceneDelegate.swift */ = {isa = PBXFileReference; lastKnownFileType = sourcecode.swift; path = SceneDelegate.swift; sourceTree = "<group>"; };
		981A3826271C7E89007739C6 /* MainViewController.swift */ = {isa = PBXFileReference; lastKnownFileType = sourcecode.swift; path = MainViewController.swift; sourceTree = "<group>"; };
		981A3829271C7E89007739C6 /* Base */ = {isa = PBXFileReference; lastKnownFileType = file.storyboard; name = Base; path = Base.lproj/Main.storyboard; sourceTree = "<group>"; };
		981A382B271C7E8C007739C6 /* Assets.xcassets */ = {isa = PBXFileReference; lastKnownFileType = folder.assetcatalog; path = Assets.xcassets; sourceTree = "<group>"; };
		981A382E271C7E8C007739C6 /* Base */ = {isa = PBXFileReference; lastKnownFileType = file.storyboard; name = Base; path = Base.lproj/LaunchScreen.storyboard; sourceTree = "<group>"; };
		981A3830271C7E8C007739C6 /* Info.plist */ = {isa = PBXFileReference; lastKnownFileType = text.plist.xml; path = Info.plist; sourceTree = "<group>"; };
		981A3835271C7E8C007739C6 /* TodoLiostTests.xctest */ = {isa = PBXFileReference; explicitFileType = wrapper.cfbundle; includeInIndex = 0; path = TodoLiostTests.xctest; sourceTree = BUILT_PRODUCTS_DIR; };
		981A3839271C7E8C007739C6 /* TodoLiostTests.swift */ = {isa = PBXFileReference; lastKnownFileType = sourcecode.swift; path = TodoLiostTests.swift; sourceTree = "<group>"; };
		981A383B271C7E8C007739C6 /* Info.plist */ = {isa = PBXFileReference; lastKnownFileType = text.plist.xml; path = Info.plist; sourceTree = "<group>"; };
		981A3840271C7E8C007739C6 /* TodoLiostUITests.xctest */ = {isa = PBXFileReference; explicitFileType = wrapper.cfbundle; includeInIndex = 0; path = TodoLiostUITests.xctest; sourceTree = BUILT_PRODUCTS_DIR; };
		981A3844271C7E8C007739C6 /* TodoLiostUITests.swift */ = {isa = PBXFileReference; lastKnownFileType = sourcecode.swift; path = TodoLiostUITests.swift; sourceTree = "<group>"; };
		981A3846271C7E8C007739C6 /* Info.plist */ = {isa = PBXFileReference; lastKnownFileType = text.plist.xml; path = Info.plist; sourceTree = "<group>"; };
		981A3852271C82B9007739C6 /* TodoItem.swift */ = {isa = PBXFileReference; lastKnownFileType = sourcecode.swift; path = TodoItem.swift; sourceTree = "<group>"; };
		981A3854271C82DD007739C6 /* FileCache.swift */ = {isa = PBXFileReference; lastKnownFileType = sourcecode.swift; path = FileCache.swift; sourceTree = "<group>"; };
		981A3856271C831D007739C6 /* TodoListTests.swift */ = {isa = PBXFileReference; lastKnownFileType = sourcecode.swift; path = TodoListTests.swift; sourceTree = "<group>"; };
		982B9CD6272D214B005CB6B9 /* TodoItemDetailView.swift */ = {isa = PBXFileReference; lastKnownFileType = sourcecode.swift; path = TodoItemDetailView.swift; sourceTree = "<group>"; };
		98363609272EAFD7007B141A /* ColorPicker.swift */ = {isa = PBXFileReference; lastKnownFileType = sourcecode.swift; path = ColorPicker.swift; sourceTree = "<group>"; };
		98B3890A273DA805001AD82D /* TodoItemCell.swift */ = {isa = PBXFileReference; lastKnownFileType = sourcecode.swift; path = TodoItemCell.swift; sourceTree = "<group>"; };
		98B3890C273DA837001AD82D /* StringExtensions.swift */ = {isa = PBXFileReference; lastKnownFileType = sourcecode.swift; path = StringExtensions.swift; sourceTree = "<group>"; };
		98B3890F273DA885001AD82D /* DateExtension.swift */ = {isa = PBXFileReference; lastKnownFileType = sourcecode.swift; path = DateExtension.swift; sourceTree = "<group>"; };
		98B38911273DA8B4001AD82D /* ColorExtensions.swift */ = {isa = PBXFileReference; lastKnownFileType = sourcecode.swift; path = ColorExtensions.swift; sourceTree = "<group>"; };
		98B38913273DA8F4001AD82D /* SquaresViewController.swift */ = {isa = PBXFileReference; lastKnownFileType = sourcecode.swift; path = SquaresViewController.swift; sourceTree = "<group>"; };
		A3E1F884A04BC8465659FF85 /* Pods-TodoLiostTests.testflight.xcconfig */ = {isa = PBXFileReference; includeInIndex = 1; lastKnownFileType = text.xcconfig; name = "Pods-TodoLiostTests.testflight.xcconfig"; path = "Target Support Files/Pods-TodoLiostTests/Pods-TodoLiostTests.testflight.xcconfig"; sourceTree = "<group>"; };
		BBA76BAE79B1C4E70FF1A50A /* Pods-TodoLiost-TodoLiostUITests.debug.xcconfig */ = {isa = PBXFileReference; includeInIndex = 1; lastKnownFileType = text.xcconfig; name = "Pods-TodoLiost-TodoLiostUITests.debug.xcconfig"; path = "Target Support Files/Pods-TodoLiost-TodoLiostUITests/Pods-TodoLiost-TodoLiostUITests.debug.xcconfig"; sourceTree = "<group>"; };
		CE6A5A4A2F32949A50A29B16 /* libPods-TodoLiost.a */ = {isa = PBXFileReference; explicitFileType = archive.ar; includeInIndex = 0; path = "libPods-TodoLiost.a"; sourceTree = BUILT_PRODUCTS_DIR; };
		D2B37F65BAD328CB89DD5CDD /* Pods-TodoLiost.debug.xcconfig */ = {isa = PBXFileReference; includeInIndex = 1; lastKnownFileType = text.xcconfig; name = "Pods-TodoLiost.debug.xcconfig"; path = "Target Support Files/Pods-TodoLiost/Pods-TodoLiost.debug.xcconfig"; sourceTree = "<group>"; };
		EBC184DBB9A6E0CD207BFA06 /* libPods-TodoLiost-TodoLiostUITests.a */ = {isa = PBXFileReference; explicitFileType = archive.ar; includeInIndex = 0; path = "libPods-TodoLiost-TodoLiostUITests.a"; sourceTree = BUILT_PRODUCTS_DIR; };
		EC075C82CA1D41D6BA0E34AE /* Pods-TodoLiost-TodoLiostUITests.release.xcconfig */ = {isa = PBXFileReference; includeInIndex = 1; lastKnownFileType = text.xcconfig; name = "Pods-TodoLiost-TodoLiostUITests.release.xcconfig"; path = "Target Support Files/Pods-TodoLiost-TodoLiostUITests/Pods-TodoLiost-TodoLiostUITests.release.xcconfig"; sourceTree = "<group>"; };
		F0A74B5283029010C463FD95 /* Pods-TodoLiost.testflight.xcconfig */ = {isa = PBXFileReference; includeInIndex = 1; lastKnownFileType = text.xcconfig; name = "Pods-TodoLiost.testflight.xcconfig"; path = "Target Support Files/Pods-TodoLiost/Pods-TodoLiost.testflight.xcconfig"; sourceTree = "<group>"; };
/* End PBXFileReference section */

/* Begin PBXFrameworksBuildPhase section */
		981A381C271C7E89007739C6 /* Frameworks */ = {
			isa = PBXFrameworksBuildPhase;
			buildActionMask = 2147483647;
			files = (
				1F14B38D2951D76DC5634A56 /* libPods-TodoLiost.a in Frameworks */,
			);
			runOnlyForDeploymentPostprocessing = 0;
		};
		981A3832271C7E8C007739C6 /* Frameworks */ = {
			isa = PBXFrameworksBuildPhase;
			buildActionMask = 2147483647;
			files = (
				7A71B708FF784B1BB68FD4FA /* libPods-TodoLiostTests.a in Frameworks */,
			);
			runOnlyForDeploymentPostprocessing = 0;
		};
		981A383D271C7E8C007739C6 /* Frameworks */ = {
			isa = PBXFrameworksBuildPhase;
			buildActionMask = 2147483647;
			files = (
				07857EA26DDCBA22D87500BB /* libPods-TodoLiost-TodoLiostUITests.a in Frameworks */,
			);
			runOnlyForDeploymentPostprocessing = 0;
		};
/* End PBXFrameworksBuildPhase section */

/* Begin PBXGroup section */
		981A3816271C7E89007739C6 = {
			isa = PBXGroup;
			children = (
				981A3821271C7E89007739C6 /* TodoLiost */,
				981A3838271C7E8C007739C6 /* TodoLiostTests */,
				981A3843271C7E8C007739C6 /* TodoLiostUITests */,
				981A3820271C7E89007739C6 /* Products */,
				AC86502F7F5513FC38098266 /* Pods */,
				F86FED2FBB9D5F49B3321BE2 /* Frameworks */,
			);
			sourceTree = "<group>";
		};
		981A3820271C7E89007739C6 /* Products */ = {
			isa = PBXGroup;
			children = (
				981A381F271C7E89007739C6 /* TodoLiost.app */,
				981A3835271C7E8C007739C6 /* TodoLiostTests.xctest */,
				981A3840271C7E8C007739C6 /* TodoLiostUITests.xctest */,
			);
			name = Products;
			sourceTree = "<group>";
		};
		981A3821271C7E89007739C6 /* TodoLiost */ = {
			isa = PBXGroup;
			children = (
				98B38908273DA6C9001AD82D /* Main */,
				981A3822271C7E89007739C6 /* AppDelegate.swift */,
				981A3824271C7E89007739C6 /* SceneDelegate.swift */,
				981A3828271C7E89007739C6 /* Main.storyboard */,
				981A382B271C7E8C007739C6 /* Assets.xcassets */,
				981A382D271C7E8C007739C6 /* LaunchScreen.storyboard */,
				981A3830271C7E8C007739C6 /* Info.plist */,
				981A3852271C82B9007739C6 /* TodoItem.swift */,
				981A3854271C82DD007739C6 /* FileCache.swift */,
			);
			path = TodoLiost;
			sourceTree = "<group>";
		};
		981A3838271C7E8C007739C6 /* TodoLiostTests */ = {
			isa = PBXGroup;
			children = (
				981A3839271C7E8C007739C6 /* TodoLiostTests.swift */,
				981A383B271C7E8C007739C6 /* Info.plist */,
				981A3856271C831D007739C6 /* TodoListTests.swift */,
			);
			path = TodoLiostTests;
			sourceTree = "<group>";
		};
		981A3843271C7E8C007739C6 /* TodoLiostUITests */ = {
			isa = PBXGroup;
			children = (
				981A3844271C7E8C007739C6 /* TodoLiostUITests.swift */,
				981A3846271C7E8C007739C6 /* Info.plist */,
			);
			path = TodoLiostUITests;
			sourceTree = "<group>";
		};
		98B38908273DA6C9001AD82D /* Main */ = {
			isa = PBXGroup;
			children = (
				98B3890E273DA86D001AD82D /* Extensions */,
				98B38909273DA6EF001AD82D /* Details */,
				981A3826271C7E89007739C6 /* MainViewController.swift */,
				98B3890A273DA805001AD82D /* TodoItemCell.swift */,
				98B38913273DA8F4001AD82D /* SquaresViewController.swift */,
			);
			path = Main;
			sourceTree = "<group>";
		};
		98B38909273DA6EF001AD82D /* Details */ = {
			isa = PBXGroup;
			children = (
				98363609272EAFD7007B141A /* ColorPicker.swift */,
				982B9CD6272D214B005CB6B9 /* TodoItemDetailView.swift */,
			);
			path = Details;
			sourceTree = "<group>";
		};
		98B3890E273DA86D001AD82D /* Extensions */ = {
			isa = PBXGroup;
			children = (
				98B3890C273DA837001AD82D /* StringExtensions.swift */,
				98B3890F273DA885001AD82D /* DateExtension.swift */,
				98B38911273DA8B4001AD82D /* ColorExtensions.swift */,
			);
			path = Extensions;
			sourceTree = "<group>";
		};
		AC86502F7F5513FC38098266 /* Pods */ = {
			isa = PBXGroup;
			children = (
				D2B37F65BAD328CB89DD5CDD /* Pods-TodoLiost.debug.xcconfig */,
				4201924FF6D23D5CC0D49461 /* Pods-TodoLiost.release.xcconfig */,
				BBA76BAE79B1C4E70FF1A50A /* Pods-TodoLiost-TodoLiostUITests.debug.xcconfig */,
				EC075C82CA1D41D6BA0E34AE /* Pods-TodoLiost-TodoLiostUITests.release.xcconfig */,
				43253673FE88AAEDF186D924 /* Pods-TodoLiostTests.debug.xcconfig */,
				5DF46C765176316A44D4D402 /* Pods-TodoLiostTests.release.xcconfig */,
				F0A74B5283029010C463FD95 /* Pods-TodoLiost.testflight.xcconfig */,
				826C1B0385B5B240FA81FA77 /* Pods-TodoLiost-TodoLiostUITests.testflight.xcconfig */,
				A3E1F884A04BC8465659FF85 /* Pods-TodoLiostTests.testflight.xcconfig */,
			);
			path = Pods;
			sourceTree = "<group>";
		};
		F86FED2FBB9D5F49B3321BE2 /* Frameworks */ = {
			isa = PBXGroup;
			children = (
				CE6A5A4A2F32949A50A29B16 /* libPods-TodoLiost.a */,
				EBC184DBB9A6E0CD207BFA06 /* libPods-TodoLiost-TodoLiostUITests.a */,
				514FF107E7F865316538D2B0 /* libPods-TodoLiostTests.a */,
			);
			name = Frameworks;
			sourceTree = "<group>";
		};
/* End PBXGroup section */

/* Begin PBXNativeTarget section */
		981A381E271C7E89007739C6 /* TodoLiost */ = {
			isa = PBXNativeTarget;
			buildConfigurationList = 981A3849271C7E8C007739C6 /* Build configuration list for PBXNativeTarget "TodoLiost" */;
			buildPhases = (
				0AC0E557D9F44B0D85866DFA /* [CP] Check Pods Manifest.lock */,
				981A381B271C7E89007739C6 /* Sources */,
				981A381C271C7E89007739C6 /* Frameworks */,
				981A381D271C7E89007739C6 /* Resources */,
			);
			buildRules = (
			);
			dependencies = (
			);
			name = TodoLiost;
			productName = TodoLiost;
			productReference = 981A381F271C7E89007739C6 /* TodoLiost.app */;
			productType = "com.apple.product-type.application";
		};
		981A3834271C7E8C007739C6 /* TodoLiostTests */ = {
			isa = PBXNativeTarget;
			buildConfigurationList = 981A384C271C7E8C007739C6 /* Build configuration list for PBXNativeTarget "TodoLiostTests" */;
			buildPhases = (
				2D6870B90CC3790976171681 /* [CP] Check Pods Manifest.lock */,
				981A3831271C7E8C007739C6 /* Sources */,
				981A3832271C7E8C007739C6 /* Frameworks */,
				981A3833271C7E8C007739C6 /* Resources */,
			);
			buildRules = (
			);
			dependencies = (
				981A3837271C7E8C007739C6 /* PBXTargetDependency */,
			);
			name = TodoLiostTests;
			productName = TodoLiostTests;
			productReference = 981A3835271C7E8C007739C6 /* TodoLiostTests.xctest */;
			productType = "com.apple.product-type.bundle.unit-test";
		};
		981A383F271C7E8C007739C6 /* TodoLiostUITests */ = {
			isa = PBXNativeTarget;
			buildConfigurationList = 981A384F271C7E8C007739C6 /* Build configuration list for PBXNativeTarget "TodoLiostUITests" */;
			buildPhases = (
				576EFD1278B78860F850E842 /* [CP] Check Pods Manifest.lock */,
				981A383C271C7E8C007739C6 /* Sources */,
				981A383D271C7E8C007739C6 /* Frameworks */,
				981A383E271C7E8C007739C6 /* Resources */,
			);
			buildRules = (
			);
			dependencies = (
				981A3842271C7E8C007739C6 /* PBXTargetDependency */,
			);
			name = TodoLiostUITests;
			productName = TodoLiostUITests;
			productReference = 981A3840271C7E8C007739C6 /* TodoLiostUITests.xctest */;
			productType = "com.apple.product-type.bundle.ui-testing";
		};
/* End PBXNativeTarget section */

/* Begin PBXProject section */
		981A3817271C7E89007739C6 /* Project object */ = {
			isa = PBXProject;
			attributes = {
				LastSwiftUpdateCheck = 1250;
				LastUpgradeCheck = 1250;
				TargetAttributes = {
					981A381E271C7E89007739C6 = {
						CreatedOnToolsVersion = 12.5.1;
					};
					981A3834271C7E8C007739C6 = {
						CreatedOnToolsVersion = 12.5.1;
						TestTargetID = 981A381E271C7E89007739C6;
					};
					981A383F271C7E8C007739C6 = {
						CreatedOnToolsVersion = 12.5.1;
						TestTargetID = 981A381E271C7E89007739C6;
					};
				};
			};
			buildConfigurationList = 981A381A271C7E89007739C6 /* Build configuration list for PBXProject "TodoLiost" */;
			compatibilityVersion = "Xcode 9.3";
			developmentRegion = en;
			hasScannedForEncodings = 0;
			knownRegions = (
				en,
				Base,
			);
			mainGroup = 981A3816271C7E89007739C6;
			productRefGroup = 981A3820271C7E89007739C6 /* Products */;
			projectDirPath = "";
			projectRoot = "";
			targets = (
				981A381E271C7E89007739C6 /* TodoLiost */,
				981A3834271C7E8C007739C6 /* TodoLiostTests */,
				981A383F271C7E8C007739C6 /* TodoLiostUITests */,
			);
		};
/* End PBXProject section */

/* Begin PBXResourcesBuildPhase section */
		981A381D271C7E89007739C6 /* Resources */ = {
			isa = PBXResourcesBuildPhase;
			buildActionMask = 2147483647;
			files = (
				981A382F271C7E8C007739C6 /* LaunchScreen.storyboard in Resources */,
				981A382C271C7E8C007739C6 /* Assets.xcassets in Resources */,
				981A382A271C7E89007739C6 /* Main.storyboard in Resources */,
			);
			runOnlyForDeploymentPostprocessing = 0;
		};
		981A3833271C7E8C007739C6 /* Resources */ = {
			isa = PBXResourcesBuildPhase;
			buildActionMask = 2147483647;
			files = (
			);
			runOnlyForDeploymentPostprocessing = 0;
		};
		981A383E271C7E8C007739C6 /* Resources */ = {
			isa = PBXResourcesBuildPhase;
			buildActionMask = 2147483647;
			files = (
			);
			runOnlyForDeploymentPostprocessing = 0;
		};
/* End PBXResourcesBuildPhase section */

/* Begin PBXShellScriptBuildPhase section */
		0AC0E557D9F44B0D85866DFA /* [CP] Check Pods Manifest.lock */ = {
			isa = PBXShellScriptBuildPhase;
			buildActionMask = 2147483647;
			files = (
			);
			inputFileListPaths = (
			);
			inputPaths = (
				"${PODS_PODFILE_DIR_PATH}/Podfile.lock",
				"${PODS_ROOT}/Manifest.lock",
			);
			name = "[CP] Check Pods Manifest.lock";
			outputFileListPaths = (
			);
			outputPaths = (
				"$(DERIVED_FILE_DIR)/Pods-TodoLiost-checkManifestLockResult.txt",
			);
			runOnlyForDeploymentPostprocessing = 0;
			shellPath = /bin/sh;
			shellScript = "diff \"${PODS_PODFILE_DIR_PATH}/Podfile.lock\" \"${PODS_ROOT}/Manifest.lock\" > /dev/null\nif [ $? != 0 ] ; then\n    # print error to STDERR\n    echo \"error: The sandbox is not in sync with the Podfile.lock. Run 'pod install' or update your CocoaPods installation.\" >&2\n    exit 1\nfi\n# This output is used by Xcode 'outputs' to avoid re-running this script phase.\necho \"SUCCESS\" > \"${SCRIPT_OUTPUT_FILE_0}\"\n";
			showEnvVarsInLog = 0;
		};
		2D6870B90CC3790976171681 /* [CP] Check Pods Manifest.lock */ = {
			isa = PBXShellScriptBuildPhase;
			buildActionMask = 2147483647;
			files = (
			);
			inputFileListPaths = (
			);
			inputPaths = (
				"${PODS_PODFILE_DIR_PATH}/Podfile.lock",
				"${PODS_ROOT}/Manifest.lock",
			);
			name = "[CP] Check Pods Manifest.lock";
			outputFileListPaths = (
			);
			outputPaths = (
				"$(DERIVED_FILE_DIR)/Pods-TodoLiostTests-checkManifestLockResult.txt",
			);
			runOnlyForDeploymentPostprocessing = 0;
			shellPath = /bin/sh;
			shellScript = "diff \"${PODS_PODFILE_DIR_PATH}/Podfile.lock\" \"${PODS_ROOT}/Manifest.lock\" > /dev/null\nif [ $? != 0 ] ; then\n    # print error to STDERR\n    echo \"error: The sandbox is not in sync with the Podfile.lock. Run 'pod install' or update your CocoaPods installation.\" >&2\n    exit 1\nfi\n# This output is used by Xcode 'outputs' to avoid re-running this script phase.\necho \"SUCCESS\" > \"${SCRIPT_OUTPUT_FILE_0}\"\n";
			showEnvVarsInLog = 0;
		};
		576EFD1278B78860F850E842 /* [CP] Check Pods Manifest.lock */ = {
			isa = PBXShellScriptBuildPhase;
			buildActionMask = 2147483647;
			files = (
			);
			inputFileListPaths = (
			);
			inputPaths = (
				"${PODS_PODFILE_DIR_PATH}/Podfile.lock",
				"${PODS_ROOT}/Manifest.lock",
			);
			name = "[CP] Check Pods Manifest.lock";
			outputFileListPaths = (
			);
			outputPaths = (
				"$(DERIVED_FILE_DIR)/Pods-TodoLiost-TodoLiostUITests-checkManifestLockResult.txt",
			);
			runOnlyForDeploymentPostprocessing = 0;
			shellPath = /bin/sh;
			shellScript = "diff \"${PODS_PODFILE_DIR_PATH}/Podfile.lock\" \"${PODS_ROOT}/Manifest.lock\" > /dev/null\nif [ $? != 0 ] ; then\n    # print error to STDERR\n    echo \"error: The sandbox is not in sync with the Podfile.lock. Run 'pod install' or update your CocoaPods installation.\" >&2\n    exit 1\nfi\n# This output is used by Xcode 'outputs' to avoid re-running this script phase.\necho \"SUCCESS\" > \"${SCRIPT_OUTPUT_FILE_0}\"\n";
			showEnvVarsInLog = 0;
		};
/* End PBXShellScriptBuildPhase section */

/* Begin PBXSourcesBuildPhase section */
		981A381B271C7E89007739C6 /* Sources */ = {
			isa = PBXSourcesBuildPhase;
			buildActionMask = 2147483647;
			files = (
				98B38912273DA8B4001AD82D /* ColorExtensions.swift in Sources */,
				981A3827271C7E89007739C6 /* MainViewController.swift in Sources */,
				98B38910273DA885001AD82D /* DateExtension.swift in Sources */,
				9836360A272EAFD7007B141A /* ColorPicker.swift in Sources */,
				98B3890B273DA805001AD82D /* TodoItemCell.swift in Sources */,
				98B38914273DA8F4001AD82D /* SquaresViewController.swift in Sources */,
				98B3890D273DA837001AD82D /* StringExtensions.swift in Sources */,
				981A3823271C7E89007739C6 /* AppDelegate.swift in Sources */,
				981A3853271C82B9007739C6 /* TodoItem.swift in Sources */,
				981A3855271C82DD007739C6 /* FileCache.swift in Sources */,
				981A3825271C7E89007739C6 /* SceneDelegate.swift in Sources */,
				982B9CD7272D214B005CB6B9 /* TodoItemDetailView.swift in Sources */,
			);
			runOnlyForDeploymentPostprocessing = 0;
		};
		981A3831271C7E8C007739C6 /* Sources */ = {
			isa = PBXSourcesBuildPhase;
			buildActionMask = 2147483647;
			files = (
				981A383A271C7E8C007739C6 /* TodoLiostTests.swift in Sources */,
				981A3857271C831D007739C6 /* TodoListTests.swift in Sources */,
			);
			runOnlyForDeploymentPostprocessing = 0;
		};
		981A383C271C7E8C007739C6 /* Sources */ = {
			isa = PBXSourcesBuildPhase;
			buildActionMask = 2147483647;
			files = (
				981A3845271C7E8C007739C6 /* TodoLiostUITests.swift in Sources */,
			);
			runOnlyForDeploymentPostprocessing = 0;
		};
/* End PBXSourcesBuildPhase section */

/* Begin PBXTargetDependency section */
		981A3837271C7E8C007739C6 /* PBXTargetDependency */ = {
			isa = PBXTargetDependency;
			target = 981A381E271C7E89007739C6 /* TodoLiost */;
			targetProxy = 981A3836271C7E8C007739C6 /* PBXContainerItemProxy */;
		};
		981A3842271C7E8C007739C6 /* PBXTargetDependency */ = {
			isa = PBXTargetDependency;
			target = 981A381E271C7E89007739C6 /* TodoLiost */;
			targetProxy = 981A3841271C7E8C007739C6 /* PBXContainerItemProxy */;
		};
/* End PBXTargetDependency section */

/* Begin PBXVariantGroup section */
		981A3828271C7E89007739C6 /* Main.storyboard */ = {
			isa = PBXVariantGroup;
			children = (
				981A3829271C7E89007739C6 /* Base */,
			);
			name = Main.storyboard;
			sourceTree = "<group>";
		};
		981A382D271C7E8C007739C6 /* LaunchScreen.storyboard */ = {
			isa = PBXVariantGroup;
			children = (
				981A382E271C7E8C007739C6 /* Base */,
			);
			name = LaunchScreen.storyboard;
			sourceTree = "<group>";
		};
/* End PBXVariantGroup section */

/* Begin XCBuildConfiguration section */
		981A3847271C7E8C007739C6 /* Debug */ = {
			isa = XCBuildConfiguration;
			buildSettings = {
				ALWAYS_SEARCH_USER_PATHS = NO;
				CLANG_ANALYZER_NONNULL = YES;
				CLANG_ANALYZER_NUMBER_OBJECT_CONVERSION = YES_AGGRESSIVE;
				CLANG_CXX_LANGUAGE_STANDARD = "gnu++14";
				CLANG_CXX_LIBRARY = "libc++";
				CLANG_ENABLE_MODULES = YES;
				CLANG_ENABLE_OBJC_ARC = YES;
				CLANG_ENABLE_OBJC_WEAK = YES;
				CLANG_WARN_BLOCK_CAPTURE_AUTORELEASING = YES;
				CLANG_WARN_BOOL_CONVERSION = YES;
				CLANG_WARN_COMMA = YES;
				CLANG_WARN_CONSTANT_CONVERSION = YES;
				CLANG_WARN_DEPRECATED_OBJC_IMPLEMENTATIONS = YES;
				CLANG_WARN_DIRECT_OBJC_ISA_USAGE = YES_ERROR;
				CLANG_WARN_DOCUMENTATION_COMMENTS = YES;
				CLANG_WARN_EMPTY_BODY = YES;
				CLANG_WARN_ENUM_CONVERSION = YES;
				CLANG_WARN_INFINITE_RECURSION = YES;
				CLANG_WARN_INT_CONVERSION = YES;
				CLANG_WARN_NON_LITERAL_NULL_CONVERSION = YES;
				CLANG_WARN_OBJC_IMPLICIT_RETAIN_SELF = YES;
				CLANG_WARN_OBJC_LITERAL_CONVERSION = YES;
				CLANG_WARN_OBJC_ROOT_CLASS = YES_ERROR;
				CLANG_WARN_QUOTED_INCLUDE_IN_FRAMEWORK_HEADER = YES;
				CLANG_WARN_RANGE_LOOP_ANALYSIS = YES;
				CLANG_WARN_STRICT_PROTOTYPES = YES;
				CLANG_WARN_SUSPICIOUS_MOVE = YES;
				CLANG_WARN_UNGUARDED_AVAILABILITY = YES_AGGRESSIVE;
				CLANG_WARN_UNREACHABLE_CODE = YES;
				CLANG_WARN__DUPLICATE_METHOD_MATCH = YES;
				COPY_PHASE_STRIP = NO;
				DEBUG_INFORMATION_FORMAT = dwarf;
				ENABLE_STRICT_OBJC_MSGSEND = YES;
				ENABLE_TESTABILITY = YES;
				GCC_C_LANGUAGE_STANDARD = gnu11;
				GCC_DYNAMIC_NO_PIC = NO;
				GCC_NO_COMMON_BLOCKS = YES;
				GCC_OPTIMIZATION_LEVEL = 0;
				GCC_PREPROCESSOR_DEFINITIONS = (
					"DEBUG=1",
					"$(inherited)",
				);
				GCC_WARN_64_TO_32_BIT_CONVERSION = YES;
				GCC_WARN_ABOUT_RETURN_TYPE = YES_ERROR;
				GCC_WARN_UNDECLARED_SELECTOR = YES;
				GCC_WARN_UNINITIALIZED_AUTOS = YES_AGGRESSIVE;
				GCC_WARN_UNUSED_FUNCTION = YES;
				GCC_WARN_UNUSED_VARIABLE = YES;
				IPHONEOS_DEPLOYMENT_TARGET = 14.5;
				MTL_ENABLE_DEBUG_INFO = INCLUDE_SOURCE;
				MTL_FAST_MATH = YES;
				ONLY_ACTIVE_ARCH = YES;
				SDKROOT = iphoneos;
				SWIFT_ACTIVE_COMPILATION_CONDITIONS = DEBUG;
				SWIFT_OPTIMIZATION_LEVEL = "-Onone";
			};
			name = Debug;
		};
		981A3848271C7E8C007739C6 /* Release */ = {
			isa = XCBuildConfiguration;
			buildSettings = {
				ALWAYS_SEARCH_USER_PATHS = NO;
				CLANG_ANALYZER_NONNULL = YES;
				CLANG_ANALYZER_NUMBER_OBJECT_CONVERSION = YES_AGGRESSIVE;
				CLANG_CXX_LANGUAGE_STANDARD = "gnu++14";
				CLANG_CXX_LIBRARY = "libc++";
				CLANG_ENABLE_MODULES = YES;
				CLANG_ENABLE_OBJC_ARC = YES;
				CLANG_ENABLE_OBJC_WEAK = YES;
				CLANG_WARN_BLOCK_CAPTURE_AUTORELEASING = YES;
				CLANG_WARN_BOOL_CONVERSION = YES;
				CLANG_WARN_COMMA = YES;
				CLANG_WARN_CONSTANT_CONVERSION = YES;
				CLANG_WARN_DEPRECATED_OBJC_IMPLEMENTATIONS = YES;
				CLANG_WARN_DIRECT_OBJC_ISA_USAGE = YES_ERROR;
				CLANG_WARN_DOCUMENTATION_COMMENTS = YES;
				CLANG_WARN_EMPTY_BODY = YES;
				CLANG_WARN_ENUM_CONVERSION = YES;
				CLANG_WARN_INFINITE_RECURSION = YES;
				CLANG_WARN_INT_CONVERSION = YES;
				CLANG_WARN_NON_LITERAL_NULL_CONVERSION = YES;
				CLANG_WARN_OBJC_IMPLICIT_RETAIN_SELF = YES;
				CLANG_WARN_OBJC_LITERAL_CONVERSION = YES;
				CLANG_WARN_OBJC_ROOT_CLASS = YES_ERROR;
				CLANG_WARN_QUOTED_INCLUDE_IN_FRAMEWORK_HEADER = YES;
				CLANG_WARN_RANGE_LOOP_ANALYSIS = YES;
				CLANG_WARN_STRICT_PROTOTYPES = YES;
				CLANG_WARN_SUSPICIOUS_MOVE = YES;
				CLANG_WARN_UNGUARDED_AVAILABILITY = YES_AGGRESSIVE;
				CLANG_WARN_UNREACHABLE_CODE = YES;
				CLANG_WARN__DUPLICATE_METHOD_MATCH = YES;
				COPY_PHASE_STRIP = NO;
				DEBUG_INFORMATION_FORMAT = "dwarf-with-dsym";
				ENABLE_NS_ASSERTIONS = NO;
				ENABLE_STRICT_OBJC_MSGSEND = YES;
				GCC_C_LANGUAGE_STANDARD = gnu11;
				GCC_NO_COMMON_BLOCKS = YES;
				GCC_WARN_64_TO_32_BIT_CONVERSION = YES;
				GCC_WARN_ABOUT_RETURN_TYPE = YES_ERROR;
				GCC_WARN_UNDECLARED_SELECTOR = YES;
				GCC_WARN_UNINITIALIZED_AUTOS = YES_AGGRESSIVE;
				GCC_WARN_UNUSED_FUNCTION = YES;
				GCC_WARN_UNUSED_VARIABLE = YES;
				IPHONEOS_DEPLOYMENT_TARGET = 14.5;
				MTL_ENABLE_DEBUG_INFO = NO;
				MTL_FAST_MATH = YES;
				SDKROOT = iphoneos;
				SWIFT_COMPILATION_MODE = wholemodule;
				SWIFT_OPTIMIZATION_LEVEL = "-O";
				VALIDATE_PRODUCT = YES;
			};
			name = Release;
		};
		981A384A271C7E8C007739C6 /* Debug */ = {
			isa = XCBuildConfiguration;
			baseConfigurationReference = D2B37F65BAD328CB89DD5CDD /* Pods-TodoLiost.debug.xcconfig */;
			buildSettings = {
				ASSETCATALOG_COMPILER_APPICON_NAME = AppIcon;
				ASSETCATALOG_COMPILER_GLOBAL_ACCENT_COLOR_NAME = AccentColor;
				CODE_SIGN_STYLE = Automatic;
				DEVELOPMENT_TEAM = HLZGGTQFN5;
				INFOPLIST_FILE = TodoLiost/Info.plist;
				LD_RUNPATH_SEARCH_PATHS = (
					"$(inherited)",
					"@executable_path/Frameworks",
				);
				PRODUCT_BUNDLE_IDENTIFIER = com.irusland.TodoLiost;
				PRODUCT_NAME = "$(TARGET_NAME)";
				SWIFT_VERSION = 5.0;
				TARGETED_DEVICE_FAMILY = "1,2";
			};
			name = Debug;
		};
		981A384B271C7E8C007739C6 /* Release */ = {
			isa = XCBuildConfiguration;
			baseConfigurationReference = 4201924FF6D23D5CC0D49461 /* Pods-TodoLiost.release.xcconfig */;
			buildSettings = {
				ASSETCATALOG_COMPILER_APPICON_NAME = AppIcon;
				ASSETCATALOG_COMPILER_GLOBAL_ACCENT_COLOR_NAME = AccentColor;
				CODE_SIGN_STYLE = Automatic;
				DEVELOPMENT_TEAM = HLZGGTQFN5;
				INFOPLIST_FILE = TodoLiost/Info.plist;
				LD_RUNPATH_SEARCH_PATHS = (
					"$(inherited)",
					"@executable_path/Frameworks",
				);
				PRODUCT_BUNDLE_IDENTIFIER = com.irusland.TodoLiost;
				PRODUCT_NAME = "$(TARGET_NAME)";
				SWIFT_VERSION = 5.0;
				TARGETED_DEVICE_FAMILY = "1,2";
			};
			name = Release;
		};
		981A384D271C7E8C007739C6 /* Debug */ = {
			isa = XCBuildConfiguration;
			baseConfigurationReference = 43253673FE88AAEDF186D924 /* Pods-TodoLiostTests.debug.xcconfig */;
			buildSettings = {
				ALWAYS_EMBED_SWIFT_STANDARD_LIBRARIES = YES;
				BUNDLE_LOADER = "$(TEST_HOST)";
				CODE_SIGN_STYLE = Automatic;
				DEVELOPMENT_TEAM = HLZGGTQFN5;
				INFOPLIST_FILE = TodoLiostTests/Info.plist;
				IPHONEOS_DEPLOYMENT_TARGET = 14.5;
				LD_RUNPATH_SEARCH_PATHS = (
					"$(inherited)",
					"@executable_path/Frameworks",
					"@loader_path/Frameworks",
				);
				PRODUCT_BUNDLE_IDENTIFIER = com.irusland.TodoLiostTests;
				PRODUCT_NAME = "$(TARGET_NAME)";
				SWIFT_VERSION = 5.0;
				TARGETED_DEVICE_FAMILY = "1,2";
				TEST_HOST = "$(BUILT_PRODUCTS_DIR)/TodoLiost.app/TodoLiost";
			};
			name = Debug;
		};
		981A384E271C7E8C007739C6 /* Release */ = {
			isa = XCBuildConfiguration;
			baseConfigurationReference = 5DF46C765176316A44D4D402 /* Pods-TodoLiostTests.release.xcconfig */;
			buildSettings = {
				ALWAYS_EMBED_SWIFT_STANDARD_LIBRARIES = YES;
				BUNDLE_LOADER = "$(TEST_HOST)";
				CODE_SIGN_STYLE = Automatic;
				DEVELOPMENT_TEAM = HLZGGTQFN5;
				INFOPLIST_FILE = TodoLiostTests/Info.plist;
				IPHONEOS_DEPLOYMENT_TARGET = 14.5;
				LD_RUNPATH_SEARCH_PATHS = (
					"$(inherited)",
					"@executable_path/Frameworks",
					"@loader_path/Frameworks",
				);
				PRODUCT_BUNDLE_IDENTIFIER = com.irusland.TodoLiostTests;
				PRODUCT_NAME = "$(TARGET_NAME)";
				SWIFT_VERSION = 5.0;
				TARGETED_DEVICE_FAMILY = "1,2";
				TEST_HOST = "$(BUILT_PRODUCTS_DIR)/TodoLiost.app/TodoLiost";
			};
			name = Release;
		};
		981A3850271C7E8C007739C6 /* Debug */ = {
			isa = XCBuildConfiguration;
			baseConfigurationReference = BBA76BAE79B1C4E70FF1A50A /* Pods-TodoLiost-TodoLiostUITests.debug.xcconfig */;
			buildSettings = {
				ALWAYS_EMBED_SWIFT_STANDARD_LIBRARIES = YES;
				CODE_SIGN_STYLE = Automatic;
				DEVELOPMENT_TEAM = HLZGGTQFN5;
				INFOPLIST_FILE = TodoLiostUITests/Info.plist;
				LD_RUNPATH_SEARCH_PATHS = (
					"$(inherited)",
					"@executable_path/Frameworks",
					"@loader_path/Frameworks",
				);
				PRODUCT_BUNDLE_IDENTIFIER = com.irusland.TodoLiostUITests;
				PRODUCT_NAME = "$(TARGET_NAME)";
				SWIFT_VERSION = 5.0;
				TARGETED_DEVICE_FAMILY = "1,2";
				TEST_TARGET_NAME = TodoLiost;
			};
			name = Debug;
		};
		981A3851271C7E8C007739C6 /* Release */ = {
			isa = XCBuildConfiguration;
			baseConfigurationReference = EC075C82CA1D41D6BA0E34AE /* Pods-TodoLiost-TodoLiostUITests.release.xcconfig */;
			buildSettings = {
				ALWAYS_EMBED_SWIFT_STANDARD_LIBRARIES = YES;
				CODE_SIGN_STYLE = Automatic;
				DEVELOPMENT_TEAM = HLZGGTQFN5;
				INFOPLIST_FILE = TodoLiostUITests/Info.plist;
				LD_RUNPATH_SEARCH_PATHS = (
					"$(inherited)",
					"@executable_path/Frameworks",
					"@loader_path/Frameworks",
				);
				PRODUCT_BUNDLE_IDENTIFIER = com.irusland.TodoLiostUITests;
				PRODUCT_NAME = "$(TARGET_NAME)";
				SWIFT_VERSION = 5.0;
				TARGETED_DEVICE_FAMILY = "1,2";
				TEST_TARGET_NAME = TodoLiost;
			};
			name = Release;
		};
		9846FA4627212CF900C81529 /* TestFlight */ = {
			isa = XCBuildConfiguration;
			buildSettings = {
				ALWAYS_SEARCH_USER_PATHS = NO;
				CLANG_ANALYZER_NONNULL = YES;
				CLANG_ANALYZER_NUMBER_OBJECT_CONVERSION = YES_AGGRESSIVE;
				CLANG_CXX_LANGUAGE_STANDARD = "gnu++14";
				CLANG_CXX_LIBRARY = "libc++";
				CLANG_ENABLE_MODULES = YES;
				CLANG_ENABLE_OBJC_ARC = YES;
				CLANG_ENABLE_OBJC_WEAK = YES;
				CLANG_WARN_BLOCK_CAPTURE_AUTORELEASING = YES;
				CLANG_WARN_BOOL_CONVERSION = YES;
				CLANG_WARN_COMMA = YES;
				CLANG_WARN_CONSTANT_CONVERSION = YES;
				CLANG_WARN_DEPRECATED_OBJC_IMPLEMENTATIONS = YES;
				CLANG_WARN_DIRECT_OBJC_ISA_USAGE = YES_ERROR;
				CLANG_WARN_DOCUMENTATION_COMMENTS = YES;
				CLANG_WARN_EMPTY_BODY = YES;
				CLANG_WARN_ENUM_CONVERSION = YES;
				CLANG_WARN_INFINITE_RECURSION = YES;
				CLANG_WARN_INT_CONVERSION = YES;
				CLANG_WARN_NON_LITERAL_NULL_CONVERSION = YES;
				CLANG_WARN_OBJC_IMPLICIT_RETAIN_SELF = YES;
				CLANG_WARN_OBJC_LITERAL_CONVERSION = YES;
				CLANG_WARN_OBJC_ROOT_CLASS = YES_ERROR;
				CLANG_WARN_QUOTED_INCLUDE_IN_FRAMEWORK_HEADER = YES;
				CLANG_WARN_RANGE_LOOP_ANALYSIS = YES;
				CLANG_WARN_STRICT_PROTOTYPES = YES;
				CLANG_WARN_SUSPICIOUS_MOVE = YES;
				CLANG_WARN_UNGUARDED_AVAILABILITY = YES_AGGRESSIVE;
				CLANG_WARN_UNREACHABLE_CODE = YES;
				CLANG_WARN__DUPLICATE_METHOD_MATCH = YES;
				COPY_PHASE_STRIP = NO;
				DEBUG_INFORMATION_FORMAT = dwarf;
				ENABLE_STRICT_OBJC_MSGSEND = YES;
				ENABLE_TESTABILITY = YES;
				GCC_C_LANGUAGE_STANDARD = gnu11;
				GCC_DYNAMIC_NO_PIC = NO;
				GCC_NO_COMMON_BLOCKS = YES;
				GCC_OPTIMIZATION_LEVEL = 0;
				GCC_PREPROCESSOR_DEFINITIONS = (
					"DEBUG=1",
					"$(inherited)",
				);
				GCC_WARN_64_TO_32_BIT_CONVERSION = YES;
				GCC_WARN_ABOUT_RETURN_TYPE = YES_ERROR;
				GCC_WARN_UNDECLARED_SELECTOR = YES;
				GCC_WARN_UNINITIALIZED_AUTOS = YES_AGGRESSIVE;
				GCC_WARN_UNUSED_FUNCTION = YES;
				GCC_WARN_UNUSED_VARIABLE = YES;
				IPHONEOS_DEPLOYMENT_TARGET = 14.5;
				MTL_ENABLE_DEBUG_INFO = INCLUDE_SOURCE;
				MTL_FAST_MATH = YES;
				ONLY_ACTIVE_ARCH = YES;
				SDKROOT = iphoneos;
				SWIFT_ACTIVE_COMPILATION_CONDITIONS = DEBUG;
				SWIFT_OPTIMIZATION_LEVEL = "-Onone";
			};
			name = TestFlight;
		};
		9846FA4727212CF900C81529 /* TestFlight */ = {
			isa = XCBuildConfiguration;
			baseConfigurationReference = F0A74B5283029010C463FD95 /* Pods-TodoLiost.testflight.xcconfig */;
			buildSettings = {
				ASSETCATALOG_COMPILER_APPICON_NAME = AppIcon;
				ASSETCATALOG_COMPILER_GLOBAL_ACCENT_COLOR_NAME = AccentColor;
				CODE_SIGN_STYLE = Automatic;
				DEVELOPMENT_TEAM = HLZGGTQFN5;
				INFOPLIST_FILE = TodoLiost/Info.plist;
				LD_RUNPATH_SEARCH_PATHS = (
					"$(inherited)",
					"@executable_path/Frameworks",
				);
				PRODUCT_BUNDLE_IDENTIFIER = com.irusland.TodoLiost;
				PRODUCT_NAME = "$(TARGET_NAME)";
				SWIFT_VERSION = 5.0;
				TARGETED_DEVICE_FAMILY = "1,2";
			};
			name = TestFlight;
		};
		9846FA4827212CF900C81529 /* TestFlight */ = {
			isa = XCBuildConfiguration;
			baseConfigurationReference = A3E1F884A04BC8465659FF85 /* Pods-TodoLiostTests.testflight.xcconfig */;
			buildSettings = {
				ALWAYS_EMBED_SWIFT_STANDARD_LIBRARIES = YES;
				BUNDLE_LOADER = "$(TEST_HOST)";
				CODE_SIGN_STYLE = Automatic;
				DEVELOPMENT_TEAM = HLZGGTQFN5;
				INFOPLIST_FILE = TodoLiostTests/Info.plist;
				IPHONEOS_DEPLOYMENT_TARGET = 14.5;
				LD_RUNPATH_SEARCH_PATHS = (
					"$(inherited)",
					"@executable_path/Frameworks",
					"@loader_path/Frameworks",
				);
				PRODUCT_BUNDLE_IDENTIFIER = com.irusland.TodoLiostTests;
				PRODUCT_NAME = "$(TARGET_NAME)";
				SWIFT_VERSION = 5.0;
				TARGETED_DEVICE_FAMILY = "1,2";
				TEST_HOST = "$(BUILT_PRODUCTS_DIR)/TodoLiost.app/TodoLiost";
			};
			name = TestFlight;
		};
		9846FA4927212CF900C81529 /* TestFlight */ = {
			isa = XCBuildConfiguration;
			baseConfigurationReference = 826C1B0385B5B240FA81FA77 /* Pods-TodoLiost-TodoLiostUITests.testflight.xcconfig */;
			buildSettings = {
				ALWAYS_EMBED_SWIFT_STANDARD_LIBRARIES = YES;
				CODE_SIGN_STYLE = Automatic;
				DEVELOPMENT_TEAM = HLZGGTQFN5;
				INFOPLIST_FILE = TodoLiostUITests/Info.plist;
				LD_RUNPATH_SEARCH_PATHS = (
					"$(inherited)",
					"@executable_path/Frameworks",
					"@loader_path/Frameworks",
				);
				PRODUCT_BUNDLE_IDENTIFIER = com.irusland.TodoLiostUITests;
				PRODUCT_NAME = "$(TARGET_NAME)";
				SWIFT_VERSION = 5.0;
				TARGETED_DEVICE_FAMILY = "1,2";
				TEST_TARGET_NAME = TodoLiost;
			};
			name = TestFlight;
		};
/* End XCBuildConfiguration section */

/* Begin XCConfigurationList section */
		981A381A271C7E89007739C6 /* Build configuration list for PBXProject "TodoLiost" */ = {
			isa = XCConfigurationList;
			buildConfigurations = (
				981A3847271C7E8C007739C6 /* Debug */,
				9846FA4627212CF900C81529 /* TestFlight */,
				981A3848271C7E8C007739C6 /* Release */,
			);
			defaultConfigurationIsVisible = 0;
			defaultConfigurationName = Release;
		};
		981A3849271C7E8C007739C6 /* Build configuration list for PBXNativeTarget "TodoLiost" */ = {
			isa = XCConfigurationList;
			buildConfigurations = (
				981A384A271C7E8C007739C6 /* Debug */,
				9846FA4727212CF900C81529 /* TestFlight */,
				981A384B271C7E8C007739C6 /* Release */,
			);
			defaultConfigurationIsVisible = 0;
			defaultConfigurationName = Release;
		};
		981A384C271C7E8C007739C6 /* Build configuration list for PBXNativeTarget "TodoLiostTests" */ = {
			isa = XCConfigurationList;
			buildConfigurations = (
				981A384D271C7E8C007739C6 /* Debug */,
				9846FA4827212CF900C81529 /* TestFlight */,
				981A384E271C7E8C007739C6 /* Release */,
			);
			defaultConfigurationIsVisible = 0;
			defaultConfigurationName = Release;
		};
		981A384F271C7E8C007739C6 /* Build configuration list for PBXNativeTarget "TodoLiostUITests" */ = {
			isa = XCConfigurationList;
			buildConfigurations = (
				981A3850271C7E8C007739C6 /* Debug */,
				9846FA4927212CF900C81529 /* TestFlight */,
				981A3851271C7E8C007739C6 /* Release */,
			);
			defaultConfigurationIsVisible = 0;
			defaultConfigurationName = Release;
		};
/* End XCConfigurationList section */
	};
	rootObject = 981A3817271C7E89007739C6 /* Project object */;
}
